
Microsoft Visual Studio Solution File, Format Version 12.00
# Visual Studio Version 16
VisualStudioVersion = 16.0.32510.428
MinimumVisualStudioVersion = 10.0.40219.1
Project("{8BC9CEB8-8B4A-11D0-8D11-00A0C91BC942}") = "DisplayWindow", "DisplayWindow\DisplayWindow.vcxproj", "{CCEB3C86-0140-44BC-A5BF-78966FB026CE}"
EndProject
Project("{8BC9CEB8-8B4A-11D0-8D11-00A0C91BC942}") = "CudaKernel", "CudaKernel\CudaKernel.vcxproj", "{2F7443A6-B230-41B0-968F-B44C76F3B399}"
EndProject
Global
	GlobalSection(SolutionConfigurationPlatforms) = preSolution
		Debug|x64 = Debug|x64
		Debug|x86 = Debug|x86
		Release|x64 = Release|x64
		Release|x86 = Release|x86
	EndGlobalSection
	GlobalSection(ProjectConfigurationPlatforms) = postSolution
		{CCEB3C86-0140-44BC-A5BF-78966FB026CE}.Debug|x64.ActiveCfg = Debug|x64
		{CCEB3C86-0140-44BC-A5BF-78966FB026CE}.Debug|x64.Build.0 = Debug|x64
		{CCEB3C86-0140-44BC-A5BF-78966FB026CE}.Debug|x86.ActiveCfg = Debug|Win32
		{CCEB3C86-0140-44BC-A5BF-78966FB026CE}.Debug|x86.Build.0 = Debug|Win32
		{CCEB3C86-0140-44BC-A5BF-78966FB026CE}.Release|x64.ActiveCfg = Release|Win32
		{CCEB3C86-0140-44BC-A5BF-78966FB026CE}.Release|x86.ActiveCfg = Release|Win32
		{CCEB3C86-0140-44BC-A5BF-78966FB026CE}.Release|x86.Build.0 = Release|Win32
		{2F7443A6-B230-41B0-968F-B44C76F3B399}.Debug|x64.ActiveCfg = Debug|x64
		{2F7443A6-B230-41B0-968F-B44C76F3B399}.Debug|x64.Build.0 = Debug|x64
		{2F7443A6-B230-41B0-968F-B44C76F3B399}.Debug|x86.ActiveCfg = Debug|x64
		{2F7443A6-B230-41B0-968F-B44C76F3B399}.Release|x64.ActiveCfg = Release|x64
		{2F7443A6-B230-41B0-968F-B44C76F3B399}.Release|x64.Build.0 = Release|x64
		{2F7443A6-B230-41B0-968F-B44C76F3B399}.Release|x86.ActiveCfg = Release|x64
	EndGlobalSection
	GlobalSection(SolutionProperties) = preSolution
		HideSolutionNode = FALSE
	EndGlobalSection
	GlobalSection(ExtensibilityGlobals) = postSolution
		SolutionGuid = {386EABEC-3731-40CE-93F4-033DFD13A035}
	EndGlobalSection
EndGlobal
